
Microsoft Visual Studio Solution File, Format Version 12.00
# Visual Studio 15
VisualStudioVersion = 15.0.28307.329
MinimumVisualStudioVersion = 10.0.40219.1
Project("{FAE04EC0-301F-11D3-BF4B-00C04F79EFBC}") = "JS_Grid_Testing", "JS_Grid_Testing\JS_Grid_Testing.csproj", "{E516BE80-300B-4020-9A4F-5125D05DA34E}"
EndProject
Global
	GlobalSection(SolutionConfigurationPlatforms) = preSolution
		Debug|Any CPU = Debug|Any CPU
		Release|Any CPU = Release|Any CPU
	EndGlobalSection
	GlobalSection(ProjectConfigurationPlatforms) = postSolution
		{E516BE80-300B-4020-9A4F-5125D05DA34E}.Debug|Any CPU.ActiveCfg = Debug|Any CPU
		{E516BE80-300B-4020-9A4F-5125D05DA34E}.Debug|Any CPU.Build.0 = Debug|Any CPU
		{E516BE80-300B-4020-9A4F-5125D05DA34E}.Release|Any CPU.ActiveCfg = Release|Any CPU
		{E516BE80-300B-4020-9A4F-5125D05DA34E}.Release|Any CPU.Build.0 = Release|Any CPU
	EndGlobalSection
	GlobalSection(SolutionProperties) = preSolution
		HideSolutionNode = FALSE
	EndGlobalSection
	GlobalSection(ExtensibilityGlobals) = postSolution
		SolutionGuid = {40B0F95C-3469-4433-85A3-A9E24F4D61BB}
	EndGlobalSection
EndGlobal
